Microsoft Visual Studio Solution File, Format Version 12.00
# Visual Studio Version 18
VisualStudioVersion = 18.3.11520.95
MinimumVisualStudioVersion = 10.0.40219.1
Project("{2150E333-8FDC-42A3-9474-1A3956D46DE8}") = "Source", "Source", "{FB9B1591-9D0B-4398-A3E8-1A0AB2968663}"
	ProjectSection(SolutionItems) = preProject
		Src\Directory.Build.props = Src\Directory.Build.props
		Src\Directory.Packages.props = Src\Directory.Packages.props
	EndProjectSection
EndProject
Project("{FAE04EC0-301F-11D3-BF4B-00C04F79EFBC}") = "KZDev.SystemClock.PrimeTime", "Src\KZDev.SystemClock.PrimeTime\KZDev.SystemClock.PrimeTime.csproj", "{EAFFE189-CC21-4D14-A8C1-B78141951C7B}"
EndProject
Project("{FAE04EC0-301F-11D3-BF4B-00C04F79EFBC}") = "KZDev.PrimeTime.NodaTime", "Src\KZDev.PrimeTime.NodaTime\KZDev.PrimeTime.NodaTime.csproj", "{695B26F9-7526-4449-B1D2-1BAF69F143DD}"
EndProject
Project("{2150E333-8FDC-42A3-9474-1A3956D46DE8}") = "Solution Items", "Solution Items", "{816EE7A5-88FE-4723-ABEB-BDFF74ABC035}"
	ProjectSection(SolutionItems) = preProject
		.editorconfig = .editorconfig
		..\.gitignore = ..\.gitignore
		Directory.Build.props = Directory.Build.props
		Directory.Packages.props = Directory.Packages.props
		global.json = global.json
		..\LICENSE = ..\LICENSE
		..\nuget.config = ..\nuget.config
		..\README.md = ..\README.md
	EndProjectSection
EndProject
Project("{FAE04EC0-301F-11D3-BF4B-00C04F79EFBC}") = "KZDev.PrimeTime", "Src\KZDev.PrimeTime\KZDev.PrimeTime.csproj", "{65AFFE63-EB55-48F2-9A56-F1912356C87B}"
EndProject
Project("{2150E333-8FDC-42A3-9474-1A3956D46DE8}") = "Production", "Production", "{B4436A9B-0ACA-4E85-A878-5BBC0764731F}"
EndProject
Project("{2150E333-8FDC-42A3-9474-1A3956D46DE8}") = "Testing", "Testing", "{2651F54E-4682-47A0-9A4B-5234D1E41588}"
EndProject
Project("{2150E333-8FDC-42A3-9474-1A3956D46DE8}") = "Shared", "Shared", "{0497925E-6C5C-469E-909D-D1BF7E5408E0}"
EndProject
Project("{D954291E-2A0B-460D-934E-DC6B0785DB48}") = "KZDev.PrimeTime.Common.Shared", "Src\Shared\KZDev.PrimeTime.Common.Shared\KZDev.PrimeTime.Common.Shared.shproj", "{B8C031AB-DFB9-4A50-8531-9FB4F7B928A8}"
EndProject
Project("{2150E333-8FDC-42A3-9474-1A3956D46DE8}") = "Common", "Common", "{7389E136-F5A2-4AD4-ADE7-CA711648DF4B}"
EndProject
Project("{2150E333-8FDC-42A3-9474-1A3956D46DE8}") = "Tests", "Tests", "{2F46BA00-679F-410D-9C2A-76E38ECE083D}"
	ProjectSection(SolutionItems) = preProject
		Tst\Directory.Build.props = Tst\Directory.Build.props
		Tst\Directory.Packages.props = Tst\Directory.Packages.props
	EndProjectSection
EndProject
Project("{2150E333-8FDC-42A3-9474-1A3956D46DE8}") = "Shared", "Shared", "{4F18A193-6063-433E-82E2-7FB18D7E96B2}"
EndProject
Project("{2150E333-8FDC-42A3-9474-1A3956D46DE8}") = "FrameworkTests", "FrameworkTests", "{3C57343E-A696-4A70-92A8-03F6908E3F6F}"
EndProject
Project("{2150E333-8FDC-42A3-9474-1A3956D46DE8}") = "StandardTests", "StandardTests", "{90C913DA-C6AD-42DC-909E-82F689BB3864}"
EndProject
Project("{FAE04EC0-301F-11D3-BF4B-00C04F79EFBC}") = "KZDev.PrimeTime.Tst.TestPrep", "Tst\KZDev.PrimeTime.Tst.TestPrep\KZDev.PrimeTime.Tst.TestPrep.csproj", "{E1F2A3B4-C5D6-4E7F-8A9B-0C1D2E3F4A5B}"
EndProject
Project("{FAE04EC0-301F-11D3-BF4B-00C04F79EFBC}") = "KZDev.PrimeTime.Tst.TestBase", "Tst\KZDev.PrimeTime.Tst.TestBase\KZDev.PrimeTime.Tst.TestBase.csproj", "{E2F3A4B5-C6D7-4E8F-9A0B-1C2D3E4F5A6B}"
EndProject
Project("{FAE04EC0-301F-11D3-BF4B-00C04F79EFBC}") = "KZDev.PrimeTime.Tst.UnitTestBase", "Tst\KZDev.PrimeTime.Tst.UnitTestBase\KZDev.PrimeTime.Tst.UnitTestBase.csproj", "{E3F4A5B6-C7D8-4E9F-A0B1-2C3D4E5F6A7B}"
EndProject
Project("{FAE04EC0-301F-11D3-BF4B-00C04F79EFBC}") = "KZDev.PrimeTime.UnitTests", "Tst\KZDev.PrimeTime.UnitTests\KZDev.PrimeTime.UnitTests.csproj", "{F4A5B6C7-D8E9-4F0A-B1C2-3D4E5F6A7B8C}"
EndProject
Project("{FAE04EC0-301F-11D3-BF4B-00C04F79EFBC}") = "KZDev.SystemClock.PrimeTime.UnitTests", "Tst\KZDev.SystemClock.PrimeTime.UnitTests\KZDev.SystemClock.PrimeTime.UnitTests.csproj", "{F5B6C7D8-E9F0-4A1B-C2D3-4E5F6A7B8C9D}"
EndProject
Project("{FAE04EC0-301F-11D3-BF4B-00C04F79EFBC}") = "KZDev.PrimeTime.NodaTime.UnitTests", "Tst\KZDev.PrimeTime.NodaTime.UnitTests\KZDev.PrimeTime.NodaTime.UnitTests.csproj", "{F6C7D8E9-F0A1-4B2C-D3E4-4F5A6B7C8D9E}"
EndProject
Project("{2150E333-8FDC-42A3-9474-1A3956D46DE8}") = "Perf", "Perf", "{A1B2C3D4-E5F6-4A7B-8C9D-0E1F2A3B4C5D}"
	ProjectSection(SolutionItems) = preProject
		Perf\Directory.Build.props = Perf\Directory.Build.props
		Perf\Directory.Packages.props = Perf\Directory.Packages.props
	EndProjectSection
EndProject
Project("{2150E333-8FDC-42A3-9474-1A3956D46DE8}") = "Dev", "Dev", "{B2C3D4E5-F6A7-4B8C-9D0E-1F2A3B4C5D6E}"
	ProjectSection(SolutionItems) = preProject
		Dev\Directory.Build.props = Dev\Directory.Build.props
		Dev\Directory.Packages.props = Dev\Directory.Packages.props
	EndProjectSection
EndProject
Project("{D954291E-2A0B-460D-934E-DC6B0785DB48}") = "KZDev.PrimeTime.Common.Testing.Shared", "Src\Shared\KZDev.PrimeTime.Common.Testing.Shared\KZDev.PrimeTime.Common.Testing.Shared.shproj", "{B7C10AEB-3B76-4FF2-A1A8-6D2AF4397CE4}"
EndProject
Project("{2150E333-8FDC-42A3-9474-1A3956D46DE8}") = "Docs", "Docs", "{781D66AD-061E-40C1-BB22-89A27800E33D}"
EndProject
Global
	GlobalSection(SolutionConfigurationPlatforms) = preSolution
		Debug|Any CPU = Debug|Any CPU
		Package|Any CPU = Package|Any CPU
		Release|Any CPU = Release|Any CPU
	EndGlobalSection
	GlobalSection(ProjectConfigurationPlatforms) = postSolution
		{EAFFE189-CC21-4D14-A8C1-B78141951C7B}.Debug|Any CPU.ActiveCfg = Debug|Any CPU
		{EAFFE189-CC21-4D14-A8C1-B78141951C7B}.Debug|Any CPU.Build.0 = Debug|Any CPU
		{EAFFE189-CC21-4D14-A8C1-B78141951C7B}.Package|Any CPU.ActiveCfg = Package|Any CPU
		{EAFFE189-CC21-4D14-A8C1-B78141951C7B}.Package|Any CPU.Build.0 = Package|Any CPU
		{EAFFE189-CC21-4D14-A8C1-B78141951C7B}.Release|Any CPU.ActiveCfg = Release|Any CPU
		{EAFFE189-CC21-4D14-A8C1-B78141951C7B}.Release|Any CPU.Build.0 = Release|Any CPU
		{695B26F9-7526-4449-B1D2-1BAF69F143DD}.Debug|Any CPU.ActiveCfg = Debug|Any CPU
		{695B26F9-7526-4449-B1D2-1BAF69F143DD}.Debug|Any CPU.Build.0 = Debug|Any CPU
		{695B26F9-7526-4449-B1D2-1BAF69F143DD}.Package|Any CPU.ActiveCfg = Package|Any CPU
		{695B26F9-7526-4449-B1D2-1BAF69F143DD}.Package|Any CPU.Build.0 = Package|Any CPU
		{695B26F9-7526-4449-B1D2-1BAF69F143DD}.Release|Any CPU.ActiveCfg = Release|Any CPU
		{695B26F9-7526-4449-B1D2-1BAF69F143DD}.Release|Any CPU.Build.0 = Release|Any CPU
		{65AFFE63-EB55-48F2-9A56-F1912356C87B}.Debug|Any CPU.ActiveCfg = Debug|Any CPU
		{65AFFE63-EB55-48F2-9A56-F1912356C87B}.Debug|Any CPU.Build.0 = Debug|Any CPU
		{65AFFE63-EB55-48F2-9A56-F1912356C87B}.Package|Any CPU.ActiveCfg = Package|Any CPU
		{65AFFE63-EB55-48F2-9A56-F1912356C87B}.Package|Any CPU.Build.0 = Package|Any CPU
		{65AFFE63-EB55-48F2-9A56-F1912356C87B}.Release|Any CPU.ActiveCfg = Release|Any CPU
		{65AFFE63-EB55-48F2-9A56-F1912356C87B}.Release|Any CPU.Build.0 = Release|Any CPU
		{E1F2A3B4-C5D6-4E7F-8A9B-0C1D2E3F4A5B}.Debug|Any CPU.ActiveCfg = Debug|Any CPU
		{E1F2A3B4-C5D6-4E7F-8A9B-0C1D2E3F4A5B}.Debug|Any CPU.Build.0 = Debug|Any CPU
		{E1F2A3B4-C5D6-4E7F-8A9B-0C1D2E3F4A5B}.Package|Any CPU.ActiveCfg = Release|Any CPU
		{E1F2A3B4-C5D6-4E7F-8A9B-0C1D2E3F4A5B}.Package|Any CPU.Build.0 = Release|Any CPU
		{E1F2A3B4-C5D6-4E7F-8A9B-0C1D2E3F4A5B}.Release|Any CPU.ActiveCfg = Release|Any CPU
		{E1F2A3B4-C5D6-4E7F-8A9B-0C1D2E3F4A5B}.Release|Any CPU.Build.0 = Release|Any CPU
		{E2F3A4B5-C6D7-4E8F-9A0B-1C2D3E4F5A6B}.Debug|Any CPU.ActiveCfg = Debug|Any CPU
		{E2F3A4B5-C6D7-4E8F-9A0B-1C2D3E4F5A6B}.Debug|Any CPU.Build.0 = Debug|Any CPU
		{E2F3A4B5-C6D7-4E8F-9A0B-1C2D3E4F5A6B}.Package|Any CPU.ActiveCfg = Release|Any CPU
		{E2F3A4B5-C6D7-4E8F-9A0B-1C2D3E4F5A6B}.Package|Any CPU.Build.0 = Release|Any CPU
		{E2F3A4B5-C6D7-4E8F-9A0B-1C2D3E4F5A6B}.Release|Any CPU.ActiveCfg = Release|Any CPU
		{E2F3A4B5-C6D7-4E8F-9A0B-1C2D3E4F5A6B}.Release|Any CPU.Build.0 = Release|Any CPU
		{E3F4A5B6-C7D8-4E9F-A0B1-2C3D4E5F6A7B}.Debug|Any CPU.ActiveCfg = Debug|Any CPU
		{E3F4A5B6-C7D8-4E9F-A0B1-2C3D4E5F6A7B}.Debug|Any CPU.Build.0 = Debug|Any CPU
		{E3F4A5B6-C7D8-4E9F-A0B1-2C3D4E5F6A7B}.Package|Any CPU.ActiveCfg = Release|Any CPU
		{E3F4A5B6-C7D8-4E9F-A0B1-2C3D4E5F6A7B}.Package|Any CPU.Build.0 = Release|Any CPU
		{E3F4A5B6-C7D8-4E9F-A0B1-2C3D4E5F6A7B}.Release|Any CPU.ActiveCfg = Release|Any CPU
		{E3F4A5B6-C7D8-4E9F-A0B1-2C3D4E5F6A7B}.Release|Any CPU.Build.0 = Release|Any CPU
		{F4A5B6C7-D8E9-4F0A-B1C2-3D4E5F6A7B8C}.Debug|Any CPU.ActiveCfg = Debug|Any CPU
		{F4A5B6C7-D8E9-4F0A-B1C2-3D4E5F6A7B8C}.Debug|Any CPU.Build.0 = Debug|Any CPU
		{F4A5B6C7-D8E9-4F0A-B1C2-3D4E5F6A7B8C}.Package|Any CPU.ActiveCfg = Release|Any CPU
		{F4A5B6C7-D8E9-4F0A-B1C2-3D4E5F6A7B8C}.Package|Any CPU.Build.0 = Release|Any CPU
		{F4A5B6C7-D8E9-4F0A-B1C2-3D4E5F6A7B8C}.Release|Any CPU.ActiveCfg = Release|Any CPU
		{F4A5B6C7-D8E9-4F0A-B1C2-3D4E5F6A7B8C}.Release|Any CPU.Build.0 = Release|Any CPU
		{F5B6C7D8-E9F0-4A1B-C2D3-4E5F6A7B8C9D}.Debug|Any CPU.ActiveCfg = Debug|Any CPU
		{F5B6C7D8-E9F0-4A1B-C2D3-4E5F6A7B8C9D}.Debug|Any CPU.Build.0 = Debug|Any CPU
		{F5B6C7D8-E9F0-4A1B-C2D3-4E5F6A7B8C9D}.Package|Any CPU.ActiveCfg = Release|Any CPU
		{F5B6C7D8-E9F0-4A1B-C2D3-4E5F6A7B8C9D}.Package|Any CPU.Build.0 = Release|Any CPU
		{F5B6C7D8-E9F0-4A1B-C2D3-4E5F6A7B8C9D}.Release|Any CPU.ActiveCfg = Release|Any CPU
		{F5B6C7D8-E9F0-4A1B-C2D3-4E5F6A7B8C9D}.Release|Any CPU.Build.0 = Release|Any CPU
		{F6C7D8E9-F0A1-4B2C-D3E4-4F5A6B7C8D9E}.Debug|Any CPU.ActiveCfg = Debug|Any CPU
		{F6C7D8E9-F0A1-4B2C-D3E4-4F5A6B7C8D9E}.Debug|Any CPU.Build.0 = Debug|Any CPU
		{F6C7D8E9-F0A1-4B2C-D3E4-4F5A6B7C8D9E}.Package|Any CPU.ActiveCfg = Release|Any CPU
		{F6C7D8E9-F0A1-4B2C-D3E4-4F5A6B7C8D9E}.Package|Any CPU.Build.0 = Release|Any CPU
		{F6C7D8E9-F0A1-4B2C-D3E4-4F5A6B7C8D9E}.Release|Any CPU.ActiveCfg = Release|Any CPU
		{F6C7D8E9-F0A1-4B2C-D3E4-4F5A6B7C8D9E}.Release|Any CPU.Build.0 = Release|Any CPU
	EndGlobalSection
	GlobalSection(SolutionProperties) = preSolution
		HideSolutionNode = FALSE
	EndGlobalSection
	GlobalSection(NestedProjects) = preSolution
		{EAFFE189-CC21-4D14-A8C1-B78141951C7B} = {B4436A9B-0ACA-4E85-A878-5BBC0764731F}
		{695B26F9-7526-4449-B1D2-1BAF69F143DD} = {B4436A9B-0ACA-4E85-A878-5BBC0764731F}
		{65AFFE63-EB55-48F2-9A56-F1912356C87B} = {B4436A9B-0ACA-4E85-A878-5BBC0764731F}
		{B4436A9B-0ACA-4E85-A878-5BBC0764731F} = {FB9B1591-9D0B-4398-A3E8-1A0AB2968663}
		{2651F54E-4682-47A0-9A4B-5234D1E41588} = {FB9B1591-9D0B-4398-A3E8-1A0AB2968663}
		{0497925E-6C5C-469E-909D-D1BF7E5408E0} = {FB9B1591-9D0B-4398-A3E8-1A0AB2968663}
		{B8C031AB-DFB9-4A50-8531-9FB4F7B928A8} = {7389E136-F5A2-4AD4-ADE7-CA711648DF4B}
		{7389E136-F5A2-4AD4-ADE7-CA711648DF4B} = {0497925E-6C5C-469E-909D-D1BF7E5408E0}
		{4F18A193-6063-433E-82E2-7FB18D7E96B2} = {2F46BA00-679F-410D-9C2A-76E38ECE083D}
		{3C57343E-A696-4A70-92A8-03F6908E3F6F} = {2F46BA00-679F-410D-9C2A-76E38ECE083D}
		{90C913DA-C6AD-42DC-909E-82F689BB3864} = {2F46BA00-679F-410D-9C2A-76E38ECE083D}
		{E1F2A3B4-C5D6-4E7F-8A9B-0C1D2E3F4A5B} = {2F46BA00-679F-410D-9C2A-76E38ECE083D}
		{E2F3A4B5-C6D7-4E8F-9A0B-1C2D3E4F5A6B} = {2F46BA00-679F-410D-9C2A-76E38ECE083D}
		{E3F4A5B6-C7D8-4E9F-A0B1-2C3D4E5F6A7B} = {2F46BA00-679F-410D-9C2A-76E38ECE083D}
		{F4A5B6C7-D8E9-4F0A-B1C2-3D4E5F6A7B8C} = {90C913DA-C6AD-42DC-909E-82F689BB3864}
		{F5B6C7D8-E9F0-4A1B-C2D3-4E5F6A7B8C9D} = {90C913DA-C6AD-42DC-909E-82F689BB3864}
		{F6C7D8E9-F0A1-4B2C-D3E4-4F5A6B7C8D9E} = {90C913DA-C6AD-42DC-909E-82F689BB3864}
		{A1B2C3D4-E5F6-4A7B-8C9D-0E1F2A3B4C5D} = {FB9B1591-9D0B-4398-A3E8-1A0AB2968663}
		{B2C3D4E5-F6A7-4B8C-9D0E-1F2A3B4C5D6E} = {FB9B1591-9D0B-4398-A3E8-1A0AB2968663}
		{B7C10AEB-3B76-4FF2-A1A8-6D2AF4397CE4} = {7389E136-F5A2-4AD4-ADE7-CA711648DF4B}
	EndGlobalSection
	GlobalSection(ExtensibilityGlobals) = postSolution
		SolutionGuid = {B9454637-4204-4F39-A934-35EDACB2E2CB}
	EndGlobalSection
	GlobalSection(SharedMSBuildProjectFiles) = preSolution
		Src\Shared\KZDev.PrimeTime.Common.Shared\KZDev.PrimeTime.Common.Shared.projitems*{65affe63-eb55-48f2-9a56-f1912356c87b}*SharedItemsImports = 5
		Src\Shared\KZDev.PrimeTime.Common.Shared\KZDev.PrimeTime.Common.Shared.projitems*{695b26f9-7526-4449-b1d2-1baf69f143dd}*SharedItemsImports = 5
		Src\Shared\KZDev.PrimeTime.Common.Testing.Shared\KZDev.PrimeTime.Common.Testing.Shared.projitems*{b7c10aeb-3b76-4ff2-a1a8-6d2af4397ce4}*SharedItemsImports = 13
		Src\Shared\KZDev.PrimeTime.Common.Shared\KZDev.PrimeTime.Common.Shared.projitems*{b8c031ab-dfb9-4a50-8531-9fb4f7b928a8}*SharedItemsImports = 13
		Src\Shared\KZDev.PrimeTime.Common.Shared\KZDev.PrimeTime.Common.Shared.projitems*{eaffe189-cc21-4d14-a8c1-b78141951c7b}*SharedItemsImports = 5
		Src\Shared\KZDev.PrimeTime.Common.Testing.Shared\KZDev.PrimeTime.Common.Testing.Shared.projitems*{f4a5b6c7-d8e9-4f0a-b1c2-3d4e5f6a7b8c}*SharedItemsImports = 5
	EndGlobalSection
EndGlobal
