<Solution>
  <Configurations>
    <BuildType Name="Debug" />
    <BuildType Name="Package" />
    <BuildType Name="Release" />
  </Configurations>
  <Folder Name="/Development/">
    <File Path="Dev/Directory.Build.props" />
  </Folder>
  <Folder Name="/Development/Production/">
    <File Path="Dev/Production/Directory.Build.props" />
    <File Path="Dev/Production/Directory.Packages.props" />
    <Project Path="Dev/Production/KZDev.PrimeTime.Examples/KZDev.PrimeTime.Examples.csproj">
      <BuildType Solution="Package|*" Project="Debug" />
    </Project>
    <Project Path="Dev/Production/KZDev.SystemClock.PrimeTime.Examples/KZDev.SystemClock.PrimeTime.Examples.csproj">
      <BuildType Solution="Package|*" Project="Debug" />
    </Project>
  </Folder>
  <Folder Name="/Development/Testing/">
    <File Path="Dev/Testing/Directory.Build.props" />
    <File Path="Dev/Testing/Directory.Packages.props" />
    <Project Path="Dev/Testing/KZDev.PrimeTime.Testing.Examples/KZDev.PrimeTime.Testing.Examples.csproj" Id="142e8641-83b8-4d18-96a9-2f9516ce0478">
      <BuildType Solution="Package|*" Project="Debug" />
    </Project>
    <Project Path="Dev/Testing/KZDev.SystemClock.PrimeTime.Testing.Examples/KZDev.SystemClock.PrimeTime.Testing.Examples.csproj" Id="f91c82f9-ce0f-4be1-a1e5-31850798814f">
      <BuildType Solution="Package|*" Project="Debug" />
    </Project>
  </Folder>
  <Folder Name="/Docs/">
    <File Path="Docs/.gitignore" />
  </Folder>
  <Folder Name="/Docs/Images/">
    <File Path="Docs/images/.gitkeep" />
  </Folder>
  <Folder Name="/Docs/Notes/">
    <File Path="Docs/Notes/KZDev.PrimeTime.release-notes.md" />
    <File Path="Docs/Notes/KZDev.PrimeTime.Testing.release-notes.md" />
    <File Path="Docs/Notes/KZDev.SystemClock.PrimeTime.release-notes.md" />
    <File Path="Docs/Notes/KZDev.SystemClock.PrimeTime.Testing.release-notes.md" />
  </Folder>
  <Folder Name="/Docs/Public/">
    <File Path="Docs/docfx.json" />
    <File Path="Docs/filterConfig.yml" />
    <File Path="Docs/index.md" />
    <File Path="Docs/toc.yml" />
  </Folder>
  <Folder Name="/Docs/Public/Articles/">
    <File Path="Docs/articles/concepts/choosing-a-package.md" />
    <File Path="Docs/articles/concepts/concepts-timers-and-testing.md" />
    <File Path="Docs/articles/concepts/event-monitoring.md" />
    <File Path="Docs/articles/concepts/index.md" />
    <File Path="Docs/articles/concepts/toc.yml" />
    <File Path="Docs/articles/overview.md" />
    <File Path="Docs/articles/primetime/index.md" />
    <File Path="Docs/articles/primetime/primetime-superset.md" />
    <File Path="Docs/articles/primetime/toc.yml" />
    <File Path="Docs/articles/system-clock/index.md" />
    <File Path="Docs/articles/system-clock/systemclock-package.md" />
    <File Path="Docs/articles/system-clock/toc.yml" />
    <File Path="Docs/articles/testing-packages.md" />
    <File Path="Docs/articles/toc.yml" />
  </Folder>
  <Folder Name="/Docs/Reference/">
    <File Path="Reference/CronNotes.md" />
    <File Path="Reference/release-assist.md" />
  </Folder>
  <Folder Name="/Docs/Templates/">
    <File Path="Docs/templates/.gitkeep" />
  </Folder>
  <Folder Name="/GitHub/" />
  <Folder Name="/GitHub/IssueTemplates/">
    <File Path="../.github/ISSUE_TEMPLATE/bug_report.md" />
    <File Path="../.github/ISSUE_TEMPLATE/feature_request.md" />
  </Folder>
  <Folder Name="/GitHub/Workflows/">
    <File Path="../.github/workflows/docfx-publish.yml" />
    <File Path="../.github/workflows/release-assist.yml" />
  </Folder>
  <Folder Name="/Package/">
    <File Path="Src/Package/KZDev.PrimeTime.readme.md" />
    <File Path="Src/Package/KZDev.SystemClock.PrimeTime.readme.md" />
    <File Path="Src/Package/nuget.icon.png" />
  </Folder>
  <Folder Name="/Solution Items/">
    <File Path="../.gitignore" />
    <File Path="../LICENSE" />
    <File Path="../nuget.config" />
    <File Path="../README.md" />
    <File Path=".editorconfig" />
    <File Path="Directory.Build.props" />
    <File Path="Directory.Packages.props" />
    <File Path="global.json" />
    <File Path="Src/package.cmd" />
  </Folder>
  <Folder Name="/Source/">
    <File Path="Src/Directory.Build.props" />
    <File Path="Src/Directory.Packages.props" />
  </Folder>
  <Folder Name="/Tests/UnitTests/">
    <Project Path="Tst/KZDev.PrimeTime.Testing.UnitTests/KZDev.PrimeTime.Testing.UnitTests.csproj" Id="438dd806-21e0-4461-aaee-5407bc92f899">
      <BuildType Solution="Package|*" Project="Debug" />
    </Project>
    <Project Path="Tst/KZDev.PrimeTime.UnitTests/KZDev.PrimeTime.UnitTests.csproj">
      <BuildType Solution="Package|*" Project="Release" />
    </Project>
    <Project Path="Tst/KZDev.SystemClock.PrimeTime.Testing.UnitTests/KZDev.SystemClock.PrimeTime.Testing.UnitTests.csproj" Id="a75ef243-fe85-4556-a9d4-3ce8addede05">
      <BuildType Solution="Package|*" Project="Debug" />
    </Project>
    <Project Path="Tst/KZDev.SystemClock.PrimeTime.UnitTests/KZDev.SystemClock.PrimeTime.UnitTests.csproj">
      <BuildType Solution="Package|*" Project="Release" />
    </Project>
  </Folder>
  <Folder Name="/Tools/">
    <File Path="Tools/Directory.Build.props" />
    <Project Path="Tools/KZDev.PrimeTime.ReleaseAggregation.Cli/KZDev.PrimeTime.ReleaseAggregation.Cli.csproj" />
    <Project Path="Tools/KZDev.PrimeTime.ReleaseAggregation/KZDev.PrimeTime.ReleaseAggregation.csproj" />
  </Folder>
  <Folder Name="/Source/Production/">
    <Project Path="Src/KZDev.PrimeTime/KZDev.PrimeTime.csproj" />
    <Project Path="Src/KZDev.SystemClock.PrimeTime/KZDev.SystemClock.PrimeTime.csproj" />
  </Folder>
  <Folder Name="/Source/Shared/" />
  <Folder Name="/Source/Shared/Common/">
    <Project Path="Src/Shared/KZDev.PrimeTime.Common.Shared/KZDev.PrimeTime.Common.Shared.shproj" />
    <Project Path="Src/Shared/KZDev.PrimeTime.Common.Testing.Shared/KZDev.PrimeTime.Common.Testing.Shared.shproj" />
  </Folder>
  <Folder Name="/Source/Testing/">
    <Project Path="Src/KZDev.PrimeTime.Testing/KZDev.PrimeTime.Testing.csproj" />
    <Project Path="Src/KZDev.SystemClock.PrimeTime.Testing/KZDev.SystemClock.PrimeTime.Testing.csproj" />
  </Folder>
  <Folder Name="/Tests/">
    <File Path="Tst/Directory.Build.props" />
    <File Path="Tst/Directory.Packages.props" />
    <Project Path="Tst/KZDev.PrimeTime.Tst.TestBase/KZDev.PrimeTime.Tst.TestBase.csproj">
      <BuildType Solution="Package|*" Project="Release" />
    </Project>
    <Project Path="Tst/KZDev.PrimeTime.Tst.TestPrep/KZDev.PrimeTime.Tst.TestPrep.csproj">
      <BuildType Solution="Package|*" Project="Release" />
    </Project>
    <Project Path="Tst/KZDev.PrimeTime.Tst.UnitTestBase/KZDev.PrimeTime.Tst.UnitTestBase.csproj">
      <BuildType Solution="Package|*" Project="Release" />
    </Project>
  </Folder>
</Solution>
